Microsoft Visual Studio Solution File, Format Version 12.00
# Visual Studio Version 17
VisualStudioVersion = 17.5.2.0
MinimumVisualStudioVersion = 10.0.40219.1
Project("{FAE04EC0-301F-11D3-BF4B-00C04F79EFBC}") = "MTCG", "MTCG.csproj", "{BBA90961-B694-5CEB-ADC9-2BA873204AE1}"
EndProject
Global
	GlobalSection(SolutionConfigurationPlatforms) = preSolution
		Debug|Any CPU = Debug|Any CPU
		Release|Any CPU = Release|Any CPU
	EndGlobalSection
	GlobalSection(ProjectConfigurationPlatforms) = postSolution
		{BBA90961-B694-5CEB-ADC9-2BA873204AE1}.Debug|Any CPU.ActiveCfg = Debug|Any CPU
		{BBA90961-B694-5CEB-ADC9-2BA873204AE1}.Debug|Any CPU.Build.0 = Debug|Any CPU
		{BBA90961-B694-5CEB-ADC9-2BA873204AE1}.Release|Any CPU.ActiveCfg = Release|Any CPU
		{BBA90961-B694-5CEB-ADC9-2BA873204AE1}.Release|Any CPU.Build.0 = Release|Any CPU
	EndGlobalSection
	GlobalSection(SolutionProperties) = preSolution
		HideSolutionNode = FALSE
	EndGlobalSection
	GlobalSection(ExtensibilityGlobals) = postSolution
		SolutionGuid = {7045B0FB-D878-4C88-B101-43CC322C43CD}
	EndGlobalSection
EndGlobal
